
Microsoft Visual Studio Solution File, Format Version 12.00
# Visual Studio 15
VisualStudioVersion = 15.0.28307.1800
MinimumVisualStudioVersion = 10.0.40219.1
Project("{8BC9CEB8-8B4A-11D0-8D11-00A0C91BC942}") = "BubbleSort", "BubbleSort.vcxproj", "{05779130-F6AA-44A9-A885-C51CA6770D0D}"
EndProject
Global
	GlobalSection(SolutionConfigurationPlatforms) = preSolution
		Debug|x64 = Debug|x64
		Debug|x86 = Debug|x86
		Release|x64 = Release|x64
		Release|x86 = Release|x86
	EndGlobalSection
	GlobalSection(ProjectConfigurationPlatforms) = postSolution
		{05779130-F6AA-44A9-A885-C51CA6770D0D}.Debug|x64.ActiveCfg = Debug|x64
		{05779130-F6AA-44A9-A885-C51CA6770D0D}.Debug|x64.Build.0 = Debug|x64
		{05779130-F6AA-44A9-A885-C51CA6770D0D}.Debug|x86.ActiveCfg = Debug|Win32
		{05779130-F6AA-44A9-A885-C51CA6770D0D}.Debug|x86.Build.0 = Debug|Win32
		{05779130-F6AA-44A9-A885-C51CA6770D0D}.Release|x64.ActiveCfg = Release|x64
		{05779130-F6AA-44A9-A885-C51CA6770D0D}.Release|x64.Build.0 = Release|x64
		{05779130-F6AA-44A9-A885-C51CA6770D0D}.Release|x86.ActiveCfg = Release|Win32
		{05779130-F6AA-44A9-A885-C51CA6770D0D}.Release|x86.Build.0 = Release|Win32
	EndGlobalSection
	GlobalSection(SolutionProperties) = preSolution
		HideSolutionNode = FALSE
	EndGlobalSection
	GlobalSection(ExtensibilityGlobals) = postSolution
		SolutionGuid = {4CEB330D-85E9-4F6B-8239-D4EF6D37CA8E}
	EndGlobalSection
EndGlobal
