
Microsoft Visual Studio Solution File, Format Version 12.00
# Visual Studio 15
VisualStudioVersion = 15.0.28307.1800
MinimumVisualStudioVersion = 10.0.40219.1
Project("{8BC9CEB8-8B4A-11D0-8D11-00A0C91BC942}") = "Heap", "Heap.vcxproj", "{AC296903-8A80-467C-A99C-9867DA8A65FC}"
EndProject
Global
	GlobalSection(SolutionConfigurationPlatforms) = preSolution
		Debug|x64 = Debug|x64
		Debug|x86 = Debug|x86
		Release|x64 = Release|x64
		Release|x86 = Release|x86
	EndGlobalSection
	GlobalSection(ProjectConfigurationPlatforms) = postSolution
		{AC296903-8A80-467C-A99C-9867DA8A65FC}.Debug|x64.ActiveCfg = Debug|x64
		{AC296903-8A80-467C-A99C-9867DA8A65FC}.Debug|x64.Build.0 = Debug|x64
		{AC296903-8A80-467C-A99C-9867DA8A65FC}.Debug|x86.ActiveCfg = Debug|Win32
		{AC296903-8A80-467C-A99C-9867DA8A65FC}.Debug|x86.Build.0 = Debug|Win32
		{AC296903-8A80-467C-A99C-9867DA8A65FC}.Release|x64.ActiveCfg = Release|x64
		{AC296903-8A80-467C-A99C-9867DA8A65FC}.Release|x64.Build.0 = Release|x64
		{AC296903-8A80-467C-A99C-9867DA8A65FC}.Release|x86.ActiveCfg = Release|Win32
		{AC296903-8A80-467C-A99C-9867DA8A65FC}.Release|x86.Build.0 = Release|Win32
	EndGlobalSection
	GlobalSection(SolutionProperties) = preSolution
		HideSolutionNode = FALSE
	EndGlobalSection
	GlobalSection(ExtensibilityGlobals) = postSolution
		SolutionGuid = {D39464AC-75BC-4EF6-ACA7-1BB1D2D18693}
	EndGlobalSection
EndGlobal
