
Microsoft Visual Studio Solution File, Format Version 12.00
# Visual Studio 15
VisualStudioVersion = 15.0.28307.1800
MinimumVisualStudioVersion = 10.0.40219.1
Project("{8BC9CEB8-8B4A-11D0-8D11-00A0C91BC942}") = "DivideAndConquer", "DivideAndConquer.vcxproj", "{540D46BF-A2E4-49CB-860C-D981E559D515}"
EndProject
Global
	GlobalSection(SolutionConfigurationPlatforms) = preSolution
		Debug|x64 = Debug|x64
		Debug|x86 = Debug|x86
		Release|x64 = Release|x64
		Release|x86 = Release|x86
	EndGlobalSection
	GlobalSection(ProjectConfigurationPlatforms) = postSolution
		{540D46BF-A2E4-49CB-860C-D981E559D515}.Debug|x64.ActiveCfg = Debug|x64
		{540D46BF-A2E4-49CB-860C-D981E559D515}.Debug|x64.Build.0 = Debug|x64
		{540D46BF-A2E4-49CB-860C-D981E559D515}.Debug|x86.ActiveCfg = Debug|Win32
		{540D46BF-A2E4-49CB-860C-D981E559D515}.Debug|x86.Build.0 = Debug|Win32
		{540D46BF-A2E4-49CB-860C-D981E559D515}.Release|x64.ActiveCfg = Release|x64
		{540D46BF-A2E4-49CB-860C-D981E559D515}.Release|x64.Build.0 = Release|x64
		{540D46BF-A2E4-49CB-860C-D981E559D515}.Release|x86.ActiveCfg = Release|Win32
		{540D46BF-A2E4-49CB-860C-D981E559D515}.Release|x86.Build.0 = Release|Win32
	EndGlobalSection
	GlobalSection(SolutionProperties) = preSolution
		HideSolutionNode = FALSE
	EndGlobalSection
	GlobalSection(ExtensibilityGlobals) = postSolution
		SolutionGuid = {1F96B29C-4174-4B8A-9CB4-EA1DBA6270CD}
	EndGlobalSection
EndGlobal
